// !$*UTF8*$!
{
	archiveVersion = 1;
	classes = {
	};
	objectVersion = 56;
	objects = {

/* Begin PBXBuildFile section */
		C814F38129504527000BF9C9 /* Tab.swift in Sources */ = {isa = PBXBuildFile; fileRef = C814F38029504527000BF9C9 /* Tab.swift */; };
		C814F38529516299000BF9C9 /* MenuSuggestionSectionView.swift in Sources */ = {isa = PBXBuildFile; fileRef = C814F38429516299000BF9C9 /* MenuSuggestionSectionView.swift */; };
		C814F38729516FE3000BF9C9 /* CoffeeMenu.swift in Sources */ = {isa = PBXBuildFile; fileRef = C814F38629516FE3000BF9C9 /* CoffeeMenu.swift */; };
		C814F3892951929B000BF9C9 /* EventsSectionView.swift in Sources */ = {isa = PBXBuildFile; fileRef = C814F3882951929B000BF9C9 /* EventsSectionView.swift */; };
		C814F38B2951CD30000BF9C9 /* Event.swift in Sources */ = {isa = PBXBuildFile; fileRef = C814F38A2951CD30000BF9C9 /* Event.swift */; };
		C814F38D2951EA89000BF9C9 /* HomeView.swift in Sources */ = {isa = PBXBuildFile; fileRef = C814F38C2951EA89000BF9C9 /* HomeView.swift */; };
		C814F38F2951EB76000BF9C9 /* HomeHeaderView.swift in Sources */ = {isa = PBXBuildFile; fileRef = C814F38E2951EB76000BF9C9 /* HomeHeaderView.swift */; };
		C8B8D13A291D153500477DB2 /* CafeAppApp.swift in Sources */ = {isa = PBXBuildFile; fileRef = C8B8D139291D153500477DB2 /* CafeAppApp.swift */; };
		C8B8D13C291D153500477DB2 /* MainTabView.swift in Sources */ = {isa = PBXBuildFile; fileRef = C8B8D13B291D153500477DB2 /* MainTabView.swift */; };
		C8B8D13E291D153600477DB2 /* Assets.xcassets in Resources */ = {isa = PBXBuildFile; fileRef = C8B8D13D291D153600477DB2 /* Assets.xcassets */; };
		C8B8D141291D153600477DB2 /* Preview Assets.xcassets in Resources */ = {isa = PBXBuildFile; fileRef = C8B8D140291D153600477DB2 /* Preview Assets.xcassets */; };
/* End PBXBuildFile section */

/* Begin PBXFileReference section */
		C814F38029504527000BF9C9 /* Tab.swift */ = {isa = PBXFileReference; lastKnownFileType = sourcecode.swift; path = Tab.swift; sourceTree = "<group>"; };
		C814F38429516299000BF9C9 /* MenuSuggestionSectionView.swift */ = {isa = PBXFileReference; lastKnownFileType = sourcecode.swift; path = MenuSuggestionSectionView.swift; sourceTree = "<group>"; };
		C814F38629516FE3000BF9C9 /* CoffeeMenu.swift */ = {isa = PBXFileReference; lastKnownFileType = sourcecode.swift; path = CoffeeMenu.swift; sourceTree = "<group>"; };
		C814F3882951929B000BF9C9 /* EventsSectionView.swift */ = {isa = PBXFileReference; lastKnownFileType = sourcecode.swift; path = EventsSectionView.swift; sourceTree = "<group>"; };
		C814F38A2951CD30000BF9C9 /* Event.swift */ = {isa = PBXFileReference; lastKnownFileType = sourcecode.swift; path = Event.swift; sourceTree = "<group>"; };
		C814F38C2951EA89000BF9C9 /* HomeView.swift */ = {isa = PBXFileReference; lastKnownFileType = sourcecode.swift; path = HomeView.swift; sourceTree = "<group>"; };
		C814F38E2951EB76000BF9C9 /* HomeHeaderView.swift */ = {isa = PBXFileReference; lastKnownFileType = sourcecode.swift; path = HomeHeaderView.swift; sourceTree = "<group>"; };
		C8B8D136291D153500477DB2 /* CafeApp.app */ = {isa = PBXFileReference; explicitFileType = wrapper.application; includeInIndex = 0; path = CafeApp.app; sourceTree = BUILT_PRODUCTS_DIR; };
		C8B8D139291D153500477DB2 /* CafeAppApp.swift */ = {isa = PBXFileReference; lastKnownFileType = sourcecode.swift; path = CafeAppApp.swift; sourceTree = "<group>"; };
		C8B8D13B291D153500477DB2 /* MainTabView.swift */ = {isa = PBXFileReference; lastKnownFileType = sourcecode.swift; path = MainTabView.swift; sourceTree = "<group>"; };
		C8B8D13D291D153600477DB2 /* Assets.xcassets */ = {isa = PBXFileReference; lastKnownFileType = folder.assetcatalog; path = Assets.xcassets; sourceTree = "<group>"; };
		C8B8D140291D153600477DB2 /* Preview Assets.xcassets */ = {isa = PBXFileReference; lastKnownFileType = folder.assetcatalog; path = "Preview Assets.xcassets"; sourceTree = "<group>"; };
/* End PBXFileReference section */

/* Begin PBXFrameworksBuildPhase section */
		C8B8D133291D153500477DB2 /* Frameworks */ = {
			isa = PBXFrameworksBuildPhase;
			buildActionMask = 2147483647;
			files = (
			);
			runOnlyForDeploymentPostprocessing = 0;
		};
/* End PBXFrameworksBuildPhase section */

/* Begin PBXGroup section */
		C814F382295161DD000BF9C9 /* Tab */ = {
			isa = PBXGroup;
			children = (
				C8B8D13B291D153500477DB2 /* MainTabView.swift */,
				C814F38029504527000BF9C9 /* Tab.swift */,
			);
			path = Tab;
			sourceTree = "<group>";
		};
		C814F383295161F5000BF9C9 /* Scenes */ = {
			isa = PBXGroup;
			children = (
				C814F382295161DD000BF9C9 /* Tab */,
				C814F38429516299000BF9C9 /* MenuSuggestionSectionView.swift */,
				C814F3882951929B000BF9C9 /* EventsSectionView.swift */,
				C814F3902951EB7A000BF9C9 /* Home */,
			);
			path = Scenes;
			sourceTree = "<group>";
		};
		C814F3902951EB7A000BF9C9 /* Home */ = {
			isa = PBXGroup;
			children = (
				C814F38C2951EA89000BF9C9 /* HomeView.swift */,
				C814F38E2951EB76000BF9C9 /* HomeHeaderView.swift */,
			);
			path = Home;
			sourceTree = "<group>";
		};
		C8B8D12D291D153500477DB2 = {
			isa = PBXGroup;
			children = (
				C8B8D138291D153500477DB2 /* CafeApp */,
				C8B8D137291D153500477DB2 /* Products */,
			);
			sourceTree = "<group>";
		};
		C8B8D137291D153500477DB2 /* Products */ = {
			isa = PBXGroup;
			children = (
				C8B8D136291D153500477DB2 /* CafeApp.app */,
			);
			name = Products;
			sourceTree = "<group>";
		};
		C8B8D138291D153500477DB2 /* CafeApp */ = {
			isa = PBXGroup;
			children = (
				C8B8D139291D153500477DB2 /* CafeAppApp.swift */,
				C814F38629516FE3000BF9C9 /* CoffeeMenu.swift */,
				C814F38A2951CD30000BF9C9 /* Event.swift */,
				C814F383295161F5000BF9C9 /* Scenes */,
				C8B8D13D291D153600477DB2 /* Assets.xcassets */,
				C8B8D13F291D153600477DB2 /* Preview Content */,
			);
			path = CafeApp;
			sourceTree = "<group>";
		};
		C8B8D13F291D153600477DB2 /* Preview Content */ = {
			isa = PBXGroup;
			children = (
				C8B8D140291D153600477DB2 /* Preview Assets.xcassets */,
			);
			path = "Preview Content";
			sourceTree = "<group>";
		};
/* End PBXGroup section */

/* Begin PBXNativeTarget section */
		C8B8D135291D153500477DB2 /* CafeApp */ = {
			isa = PBXNativeTarget;
			buildConfigurationList = C8B8D144291D153600477DB2 /* Build configuration list for PBXNativeTarget "CafeApp" */;
			buildPhases = (
				C8B8D132291D153500477DB2 /* Sources */,
				C8B8D133291D153500477DB2 /* Frameworks */,
				C8B8D134291D153500477DB2 /* Resources */,
			);
			buildRules = (
			);
			dependencies = (
			);
			name = CafeApp;
			productName = CafeApp;
			productReference = C8B8D136291D153500477DB2 /* CafeApp.app */;
			productType = "com.apple.product-type.application";
		};
/* End PBXNativeTarget section */

/* Begin PBXProject section */
		C8B8D12E291D153500477DB2 /* Project object */ = {
			isa = PBXProject;
			attributes = {
				BuildIndependentTargetsInParallel = 1;
				LastSwiftUpdateCheck = 1400;
				LastUpgradeCheck = 1400;
				TargetAttributes = {
					C8B8D135291D153500477DB2 = {
						CreatedOnToolsVersion = 14.0;
					};
				};
			};
			buildConfigurationList = C8B8D131291D153500477DB2 /* Build configuration list for PBXProject "CafeApp" */;
			compatibilityVersion = "Xcode 14.0";
			developmentRegion = en;
			hasScannedForEncodings = 0;
			knownRegions = (
				en,
				Base,
			);
			mainGroup = C8B8D12D291D153500477DB2;
			productRefGroup = C8B8D137291D153500477DB2 /* Products */;
			projectDirPath = "";
			projectRoot = "";
			targets = (
				C8B8D135291D153500477DB2 /* CafeApp */,
			);
		};
/* End PBXProject section */

/* Begin PBXResourcesBuildPhase section */
		C8B8D134291D153500477DB2 /* Resources */ = {
			isa = PBXResourcesBuildPhase;
			buildActionMask = 2147483647;
			files = (
				C8B8D141291D153600477DB2 /* Preview Assets.xcassets in Resources */,
				C8B8D13E291D153600477DB2 /* Assets.xcassets in Resources */,
			);
			runOnlyForDeploymentPostprocessing = 0;
		};
/* End PBXResourcesBuildPhase section */

/* Begin PBXSourcesBuildPhase section */
		C8B8D132291D153500477DB2 /* Sources */ = {
			isa = PBXSourcesBuildPhase;
			buildActionMask = 2147483647;
			files = (
				C814F38129504527000BF9C9 /* Tab.swift in Sources */,
				C814F38729516FE3000BF9C9 /* CoffeeMenu.swift in Sources */,
				C8B8D13C291D153500477DB2 /* MainTabView.swift in Sources */,
				C814F38F2951EB76000BF9C9 /* HomeHeaderView.swift in Sources */,
				C814F3892951929B000BF9C9 /* EventsSectionView.swift in Sources */,
				C8B8D13A291D153500477DB2 /* CafeAppApp.swift in Sources */,
				C814F38D2951EA89000BF9C9 /* HomeView.swift in Sources */,
				C814F38B2951CD30000BF9C9 /* Event.swift in Sources */,
				C814F38529516299000BF9C9 /* MenuSuggestionSectionView.swift in Sources */,
			);
			runOnlyForDeploymentPostprocessing = 0;
		};
/* End PBXSourcesBuildPhase section */

/* Begin XCBuildConfiguration section */
		C8B8D142291D153600477DB2 /* Debug */ = {
			isa = XCBuildConfiguration;
			buildSettings = {
				ALWAYS_SEARCH_USER_PATHS = NO;
				CLANG_ANALYZER_NONNULL = YES;
				CLANG_ANALYZER_NUMBER_OBJECT_CONVERSION = YES_AGGRESSIVE;
				CLANG_CXX_LANGUAGE_STANDARD = "gnu++20";
				CLANG_ENABLE_MODULES = YES;
				CLANG_ENABLE_OBJC_ARC = YES;
				CLANG_ENABLE_OBJC_WEAK = YES;
				CLANG_WARN_BLOCK_CAPTURE_AUTORELEASING = YES;
				CLANG_WARN_BOOL_CONVERSION = YES;
				CLANG_WARN_COMMA = YES;
				CLANG_WARN_CONSTANT_CONVERSION = YES;
				CLANG_WARN_DEPRECATED_OBJC_IMPLEMENTATIONS = YES;
				CLANG_WARN_DIRECT_OBJC_ISA_USAGE = YES_ERROR;
				CLANG_WARN_DOCUMENTATION_COMMENTS = YES;
				CLANG_WARN_EMPTY_BODY = YES;
				CLANG_WARN_ENUM_CONVERSION = YES;
				CLANG_WARN_INFINITE_RECURSION = YES;
				CLANG_WARN_INT_CONVERSION = YES;
				CLANG_WARN_NON_LITERAL_NULL_CONVERSION = YES;
				CLANG_WARN_OBJC_IMPLICIT_RETAIN_SELF = YES;
				CLANG_WARN_OBJC_LITERAL_CONVERSION = YES;
				CLANG_WARN_OBJC_ROOT_CLASS = YES_ERROR;
				CLANG_WARN_QUOTED_INCLUDE_IN_FRAMEWORK_HEADER = YES;
				CLANG_WARN_RANGE_LOOP_ANALYSIS = YES;
				CLANG_WARN_STRICT_PROTOTYPES = YES;
				CLANG_WARN_SUSPICIOUS_MOVE = YES;
				CLANG_WARN_UNGUARDED_AVAILABILITY = YES_AGGRESSIVE;
				CLANG_WARN_UNREACHABLE_CODE = YES;
				CLANG_WARN__DUPLICATE_METHOD_MATCH = YES;
				COPY_PHASE_STRIP = NO;
				DEBUG_INFORMATION_FORMAT = dwarf;
				ENABLE_STRICT_OBJC_MSGSEND = YES;
				ENABLE_TESTABILITY = YES;
				GCC_C_LANGUAGE_STANDARD = gnu11;
				GCC_DYNAMIC_NO_PIC = NO;
				GCC_NO_COMMON_BLOCKS = YES;
				GCC_OPTIMIZATION_LEVEL = 0;
				GCC_PREPROCESSOR_DEFINITIONS = (
					"DEBUG=1",
					"$(inherited)",
				);
				GCC_WARN_64_TO_32_BIT_CONVERSION = YES;
				GCC_WARN_ABOUT_RETURN_TYPE = YES_ERROR;
				GCC_WARN_UNDECLARED_SELECTOR = YES;
				GCC_WARN_UNINITIALIZED_AUTOS = YES_AGGRESSIVE;
				GCC_WARN_UNUSED_FUNCTION = YES;
				GCC_WARN_UNUSED_VARIABLE = YES;
				IPHONEOS_DEPLOYMENT_TARGET = 16.0;
				MTL_ENABLE_DEBUG_INFO = INCLUDE_SOURCE;
				MTL_FAST_MATH = YES;
				ONLY_ACTIVE_ARCH = YES;
				SDKROOT = iphoneos;
				SWIFT_ACTIVE_COMPILATION_CONDITIONS = DEBUG;
				SWIFT_OPTIMIZATION_LEVEL = "-Onone";
			};
			name = Debug;
		};
		C8B8D143291D153600477DB2 /* Release */ = {
			isa = XCBuildConfiguration;
			buildSettings = {
				ALWAYS_SEARCH_USER_PATHS = NO;
				CLANG_ANALYZER_NONNULL = YES;
				CLANG_ANALYZER_NUMBER_OBJECT_CONVERSION = YES_AGGRESSIVE;
				CLANG_CXX_LANGUAGE_STANDARD = "gnu++20";
				CLANG_ENABLE_MODULES = YES;
				CLANG_ENABLE_OBJC_ARC = YES;
				CLANG_ENABLE_OBJC_WEAK = YES;
				CLANG_WARN_BLOCK_CAPTURE_AUTORELEASING = YES;
				CLANG_WARN_BOOL_CONVERSION = YES;
				CLANG_WARN_COMMA = YES;
				CLANG_WARN_CONSTANT_CONVERSION = YES;
				CLANG_WARN_DEPRECATED_OBJC_IMPLEMENTATIONS = YES;
				CLANG_WARN_DIRECT_OBJC_ISA_USAGE = YES_ERROR;
				CLANG_WARN_DOCUMENTATION_COMMENTS = YES;
				CLANG_WARN_EMPTY_BODY = YES;
				CLANG_WARN_ENUM_CONVERSION = YES;
				CLANG_WARN_INFINITE_RECURSION = YES;
				CLANG_WARN_INT_CONVERSION = YES;
				CLANG_WARN_NON_LITERAL_NULL_CONVERSION = YES;
				CLANG_WARN_OBJC_IMPLICIT_RETAIN_SELF = YES;
				CLANG_WARN_OBJC_LITERAL_CONVERSION = YES;
				CLANG_WARN_OBJC_ROOT_CLASS = YES_ERROR;
				CLANG_WARN_QUOTED_INCLUDE_IN_FRAMEWORK_HEADER = YES;
				CLANG_WARN_RANGE_LOOP_ANALYSIS = YES;
				CLANG_WARN_STRICT_PROTOTYPES = YES;
				CLANG_WARN_SUSPICIOUS_MOVE = YES;
				CLANG_WARN_UNGUARDED_AVAILABILITY = YES_AGGRESSIVE;
				CLANG_WARN_UNREACHABLE_CODE = YES;
				CLANG_WARN__DUPLICATE_METHOD_MATCH = YES;
				COPY_PHASE_STRIP = NO;
				DEBUG_INFORMATION_FORMAT = "dwarf-with-dsym";
				ENABLE_NS_ASSERTIONS = NO;
				ENABLE_STRICT_OBJC_MSGSEND = YES;
				GCC_C_LANGUAGE_STANDARD = gnu11;
				GCC_NO_COMMON_BLOCKS = YES;
				GCC_WARN_64_TO_32_BIT_CONVERSION = YES;
				GCC_WARN_ABOUT_RETURN_TYPE = YES_ERROR;
				GCC_WARN_UNDECLARED_SELECTOR = YES;
				GCC_WARN_UNINITIALIZED_AUTOS = YES_AGGRESSIVE;
				GCC_WARN_UNUSED_FUNCTION = YES;
				GCC_WARN_UNUSED_VARIABLE = YES;
				IPHONEOS_DEPLOYMENT_TARGET = 16.0;
				MTL_ENABLE_DEBUG_INFO = NO;
				MTL_FAST_MATH = YES;
				SDKROOT = iphoneos;
				SWIFT_COMPILATION_MODE = wholemodule;
				SWIFT_OPTIMIZATION_LEVEL = "-O";
				VALIDATE_PRODUCT = YES;
			};
			name = Release;
		};
		C8B8D145291D153600477DB2 /* Debug */ = {
			isa = XCBuildConfiguration;
			buildSettings = {
				ASSETCATALOG_COMPILER_APPICON_NAME = AppIcon;
				ASSETCATALOG_COMPILER_GLOBAL_ACCENT_COLOR_NAME = AccentColor;
				CODE_SIGN_STYLE = Automatic;
				CURRENT_PROJECT_VERSION = 1;
				DEVELOPMENT_ASSET_PATHS = "\"CafeApp/Preview Content\"";
				DEVELOPMENT_TEAM = NZQ44L48C7;
				ENABLE_PREVIEWS = YES;
				GENERATE_INFOPLIST_FILE = YES;
				INFOPLIST_KEY_UIApplicationSceneManifest_Generation = YES;
				INFOPLIST_KEY_UIApplicationSupportsIndirectInputEvents = YES;
				INFOPLIST_KEY_UILaunchScreen_Generation = YES;
				INFOPLIST_KEY_UISupportedInterfaceOrientations_iPad = "UIInterfaceOrientationPortrait UIInterfaceOrientationPortraitUpsideDown UIInterfaceOrientationLandscapeLeft UIInterfaceOrientationLandscapeRight";
				INFOPLIST_KEY_UISupportedInterfaceOrientations_iPhone = "UIInterfaceOrientationPortrait UIInterfaceOrientationLandscapeLeft UIInterfaceOrientationLandscapeRight";
				LD_RUNPATH_SEARCH_PATHS = (
					"$(inherited)",
					"@executable_path/Frameworks",
				);
				MARKETING_VERSION = 1.0;
				PRODUCT_BUNDLE_IDENTIFIER = com.agiss.CafeApp;
				PRODUCT_NAME = "$(TARGET_NAME)";
				SWIFT_EMIT_LOC_STRINGS = YES;
				SWIFT_VERSION = 5.0;
				TARGETED_DEVICE_FAMILY = "1,2";
			};
			name = Debug;
		};
		C8B8D146291D153600477DB2 /* Release */ = {
			isa = XCBuildConfiguration;
			buildSettings = {
				ASSETCATALOG_COMPILER_APPICON_NAME = AppIcon;
				ASSETCATALOG_COMPILER_GLOBAL_ACCENT_COLOR_NAME = AccentColor;
				CODE_SIGN_STYLE = Automatic;
				CURRENT_PROJECT_VERSION = 1;
				DEVELOPMENT_ASSET_PATHS = "\"CafeApp/Preview Content\"";
				DEVELOPMENT_TEAM = NZQ44L48C7;
				ENABLE_PREVIEWS = YES;
				GENERATE_INFOPLIST_FILE = YES;
				INFOPLIST_KEY_UIApplicationSceneManifest_Generation = YES;
				INFOPLIST_KEY_UIApplicationSupportsIndirectInputEvents = YES;
				INFOPLIST_KEY_UILaunchScreen_Generation = YES;
				INFOPLIST_KEY_UISupportedInterfaceOrientations_iPad = "UIInterfaceOrientationPortrait UIInterfaceOrientationPortraitUpsideDown UIInterfaceOrientationLandscapeLeft UIInterfaceOrientationLandscapeRight";
				INFOPLIST_KEY_UISupportedInterfaceOrientations_iPhone = "UIInterfaceOrientationPortrait UIInterfaceOrientationLandscapeLeft UIInterfaceOrientationLandscapeRight";
				LD_RUNPATH_SEARCH_PATHS = (
					"$(inherited)",
					"@executable_path/Frameworks",
				);
				MARKETING_VERSION = 1.0;
				PRODUCT_BUNDLE_IDENTIFIER = com.agiss.CafeApp;
				PRODUCT_NAME = "$(TARGET_NAME)";
				SWIFT_EMIT_LOC_STRINGS = YES;
				SWIFT_VERSION = 5.0;
				TARGETED_DEVICE_FAMILY = "1,2";
			};
			name = Release;
		};
/* End XCBuildConfiguration section */

/* Begin XCConfigurationList section */
		C8B8D131291D153500477DB2 /* Build configuration list for PBXProject "CafeApp" */ = {
			isa = XCConfigurationList;
			buildConfigurations = (
				C8B8D142291D153600477DB2 /* Debug */,
				C8B8D143291D153600477DB2 /* Release */,
			);
			defaultConfigurationIsVisible = 0;
			defaultConfigurationName = Release;
		};
		C8B8D144291D153600477DB2 /* Build configuration list for PBXNativeTarget "CafeApp" */ = {
			isa = XCConfigurationList;
			buildConfigurations = (
				C8B8D145291D153600477DB2 /* Debug */,
				C8B8D146291D153600477DB2 /* Release */,
			);
			defaultConfigurationIsVisible = 0;
			defaultConfigurationName = Release;
		};
/* End XCConfigurationList section */
	};
	rootObject = C8B8D12E291D153500477DB2 /* Project object */;
}
